
Microsoft Visual Studio Solution File, Format Version 12.00
# Visual Studio Version 16
VisualStudioVersion = 16.0.31515.178
MinimumVisualStudioVersion = 10.0.40219.1
Project("{FAE04EC0-301F-11D3-BF4B-00C04F79EFBC}") = "agslppigx00", "agslppigx00.csproj", "{71D5A727-ACBC-44FF-9094-24BFC0E45417}"
EndProject
Global
	GlobalSection(SolutionConfigurationPlatforms) = preSolution
		Debug|Any CPU = Debug|Any CPU
		Release|Any CPU = Release|Any CPU
	EndGlobalSection
	GlobalSection(ProjectConfigurationPlatforms) = postSolution
		{71D5A727-ACBC-44FF-9094-24BFC0E45417}.Debug|Any CPU.ActiveCfg = Debug|Any CPU
		{71D5A727-ACBC-44FF-9094-24BFC0E45417}.Debug|Any CPU.Build.0 = Debug|Any CPU
		{71D5A727-ACBC-44FF-9094-24BFC0E45417}.Release|Any CPU.ActiveCfg = Release|Any CPU
		{71D5A727-ACBC-44FF-9094-24BFC0E45417}.Release|Any CPU.Build.0 = Release|Any CPU
	EndGlobalSection
	GlobalSection(SolutionProperties) = preSolution
		HideSolutionNode = FALSE
	EndGlobalSection
	GlobalSection(ExtensibilityGlobals) = postSolution
		SolutionGuid = {E11665EA-50B0-4D99-AD00-12F45BC1500D}
	EndGlobalSection
EndGlobal
