
Microsoft Visual Studio Solution File, Format Version 12.00
# Visual Studio Version 16
VisualStudioVersion = 16.0.31515.178
MinimumVisualStudioVersion = 10.0.40219.1
Project("{FAE04EC0-301F-11D3-BF4B-00C04F79EFBC}") = "ident", "ident.csproj", "{3501E773-EF89-499C-AB7D-92F2DB628455}"
EndProject
Global
	GlobalSection(SolutionConfigurationPlatforms) = preSolution
		Debug|Any CPU = Debug|Any CPU
		Release|Any CPU = Release|Any CPU
	EndGlobalSection
	GlobalSection(ProjectConfigurationPlatforms) = postSolution
		{3501E773-EF89-499C-AB7D-92F2DB628455}.Debug|Any CPU.ActiveCfg = Debug|Any CPU
		{3501E773-EF89-499C-AB7D-92F2DB628455}.Debug|Any CPU.Build.0 = Debug|Any CPU
		{3501E773-EF89-499C-AB7D-92F2DB628455}.Release|Any CPU.ActiveCfg = Release|Any CPU
		{3501E773-EF89-499C-AB7D-92F2DB628455}.Release|Any CPU.Build.0 = Release|Any CPU
	EndGlobalSection
	GlobalSection(SolutionProperties) = preSolution
		HideSolutionNode = FALSE
	EndGlobalSection
	GlobalSection(ExtensibilityGlobals) = postSolution
		SolutionGuid = {1546B1B0-EE33-4E35-BDDA-5A9ABBAC2AA8}
	EndGlobalSection
EndGlobal
