
Microsoft Visual Studio Solution File, Format Version 12.00
# Visual Studio Version 16
VisualStudioVersion = 16.0.31515.178
MinimumVisualStudioVersion = 10.0.40219.1
Project("{FAE04EC0-301F-11D3-BF4B-00C04F79EFBC}") = "WebAppl_01", "WebAppl_01.csproj", "{AC9727ED-F16C-4EF9-9D04-443AA96294E9}"
EndProject
Project("{FAE04EC0-301F-11D3-BF4B-00C04F79EFBC}") = "WorkerServic", "..\WorkerServic\WorkerServic.csproj", "{88DC5EA2-853A-4320-A679-5352739F0F64}"
EndProject
Global
	GlobalSection(SolutionConfigurationPlatforms) = preSolution
		Debug|Any CPU = Debug|Any CPU
		Release|Any CPU = Release|Any CPU
	EndGlobalSection
	GlobalSection(ProjectConfigurationPlatforms) = postSolution
		{AC9727ED-F16C-4EF9-9D04-443AA96294E9}.Debug|Any CPU.ActiveCfg = Debug|Any CPU
		{AC9727ED-F16C-4EF9-9D04-443AA96294E9}.Debug|Any CPU.Build.0 = Debug|Any CPU
		{AC9727ED-F16C-4EF9-9D04-443AA96294E9}.Release|Any CPU.ActiveCfg = Release|Any CPU
		{AC9727ED-F16C-4EF9-9D04-443AA96294E9}.Release|Any CPU.Build.0 = Release|Any CPU
		{88DC5EA2-853A-4320-A679-5352739F0F64}.Debug|Any CPU.ActiveCfg = Debug|Any CPU
		{88DC5EA2-853A-4320-A679-5352739F0F64}.Debug|Any CPU.Build.0 = Debug|Any CPU
		{88DC5EA2-853A-4320-A679-5352739F0F64}.Release|Any CPU.ActiveCfg = Release|Any CPU
		{88DC5EA2-853A-4320-A679-5352739F0F64}.Release|Any CPU.Build.0 = Release|Any CPU
	EndGlobalSection
	GlobalSection(SolutionProperties) = preSolution
		HideSolutionNode = FALSE
	EndGlobalSection
	GlobalSection(ExtensibilityGlobals) = postSolution
		SolutionGuid = {7BD7A932-4075-4075-B8C9-A78C7EEF3BA3}
	EndGlobalSection
EndGlobal
